
Microsoft Visual Studio Solution File, Format Version 12.00
# Visual Studio Version 17
VisualStudioVersion = 17.6.33717.318
MinimumVisualStudioVersion = 10.0.40219.1
Project("{9A19103F-16F7-4668-BE54-9A1E7A4F7556}") = "Systmtca.MDPipe.Framework", "Systmtca.MDPipe.Framework\Systmtca.MDPipe.Framework.csproj", "{BD082A6C-CEFB-4E5F-B294-86D6D445A624}"
EndProject
Project("{9A19103F-16F7-4668-BE54-9A1E7A4F7556}") = "Systmtca.MDPipe.Venues", "Systmtca.MDPipe.Venues\Systmtca.MDPipe.Venues.csproj", "{17FE9006-FFF2-41E0-8571-1095239C591C}"
EndProject
Project("{2150E333-8FDC-42A3-9474-1A3956D46DE8}") = "Solution Items", "Solution Items", "{71631AD5-8FF3-4F0D-BC22-AD6A136BAD2D}"
	ProjectSection(SolutionItems) = preProject
		.editorconfig = .editorconfig
	EndProjectSection
EndProject
Project("{9A19103F-16F7-4668-BE54-9A1E7A4F7556}") = "Systmtca.MDPipe.Pipes", "Systmtca.MDPipe.Pipes\Systmtca.MDPipe.Pipes.csproj", "{7A11AA6C-BBA1-4FED-BCA1-0AF3328A71E2}"
EndProject
Project("{9A19103F-16F7-4668-BE54-9A1E7A4F7556}") = "Systmtca.MDPipe.Engine", "Systmtca.MDPipe.Engine\Systmtca.MDPipe.Engine.csproj", "{496514F4-90A0-47F9-BEF7-948714317FEB}"
EndProject
Global
	GlobalSection(SolutionConfigurationPlatforms) = preSolution
		Debug|Any CPU = Debug|Any CPU
		Release|Any CPU = Release|Any CPU
	EndGlobalSection
	GlobalSection(ProjectConfigurationPlatforms) = postSolution
		{BD082A6C-CEFB-4E5F-B294-86D6D445A624}.Debug|Any CPU.ActiveCfg = Debug|Any CPU
		{BD082A6C-CEFB-4E5F-B294-86D6D445A624}.Debug|Any CPU.Build.0 = Debug|Any CPU
		{BD082A6C-CEFB-4E5F-B294-86D6D445A624}.Release|Any CPU.ActiveCfg = Release|Any CPU
		{BD082A6C-CEFB-4E5F-B294-86D6D445A624}.Release|Any CPU.Build.0 = Release|Any CPU
		{17FE9006-FFF2-41E0-8571-1095239C591C}.Debug|Any CPU.ActiveCfg = Debug|Any CPU
		{17FE9006-FFF2-41E0-8571-1095239C591C}.Debug|Any CPU.Build.0 = Debug|Any CPU
		{17FE9006-FFF2-41E0-8571-1095239C591C}.Release|Any CPU.ActiveCfg = Release|Any CPU
		{17FE9006-FFF2-41E0-8571-1095239C591C}.Release|Any CPU.Build.0 = Release|Any CPU
		{7A11AA6C-BBA1-4FED-BCA1-0AF3328A71E2}.Debug|Any CPU.ActiveCfg = Debug|Any CPU
		{7A11AA6C-BBA1-4FED-BCA1-0AF3328A71E2}.Debug|Any CPU.Build.0 = Debug|Any CPU
		{7A11AA6C-BBA1-4FED-BCA1-0AF3328A71E2}.Release|Any CPU.ActiveCfg = Release|Any CPU
		{7A11AA6C-BBA1-4FED-BCA1-0AF3328A71E2}.Release|Any CPU.Build.0 = Release|Any CPU
		{496514F4-90A0-47F9-BEF7-948714317FEB}.Debug|Any CPU.ActiveCfg = Debug|Any CPU
		{496514F4-90A0-47F9-BEF7-948714317FEB}.Debug|Any CPU.Build.0 = Debug|Any CPU
		{496514F4-90A0-47F9-BEF7-948714317FEB}.Release|Any CPU.ActiveCfg = Release|Any CPU
		{496514F4-90A0-47F9-BEF7-948714317FEB}.Release|Any CPU.Build.0 = Release|Any CPU
	EndGlobalSection
	GlobalSection(SolutionProperties) = preSolution
		HideSolutionNode = FALSE
	EndGlobalSection
	GlobalSection(ExtensibilityGlobals) = postSolution
		SolutionGuid = {4B69A928-F4EA-4DDB-B7AA-39D413E9B1FF}
	EndGlobalSection
EndGlobal
